
Microsoft Visual Studio Solution File, Format Version 12.00
# Visual Studio Version 17
VisualStudioVersion = 17.0.31717.71
MinimumVisualStudioVersion = 10.0.40219.1
Project("{4AC6C001-C71B-4DEC-BC1E-18A05ABFD1E9}") = "MediaLibrary.WebApp.Server", "Server\MediaLibrary.WebApp.Server.csproj", "{095B6F96-0C2B-469A-8458-CAE8AE1F27D7}"
EndProject
Project("{4AC6C001-C71B-4DEC-BC1E-18A05ABFD1E9}") = "MediaLibrary.WebApp.Client", "Client\MediaLibrary.WebApp.Client.csproj", "{37E961D6-9267-49A7-99C9-9352336461BE}"
EndProject
Project("{4AC6C001-C71B-4DEC-BC1E-18A05ABFD1E9}") = "MediaLibrary.WebApp.Shared", "Shared\MediaLibrary.WebApp.Shared.csproj", "{DD87EADF-B38B-4365-BFFD-717B01F43EF4}"
EndProject
Global
	GlobalSection(SolutionConfigurationPlatforms) = preSolution
		Debug|Any CPU = Debug|Any CPU
		Release|Any CPU = Release|Any CPU
	EndGlobalSection
	GlobalSection(ProjectConfigurationPlatforms) = postSolution
		{095B6F96-0C2B-469A-8458-CAE8AE1F27D7}.Debug|Any CPU.ActiveCfg = Debug|Any CPU
		{095B6F96-0C2B-469A-8458-CAE8AE1F27D7}.Debug|Any CPU.Build.0 = Debug|Any CPU
		{095B6F96-0C2B-469A-8458-CAE8AE1F27D7}.Release|Any CPU.ActiveCfg = Release|Any CPU
		{095B6F96-0C2B-469A-8458-CAE8AE1F27D7}.Release|Any CPU.Build.0 = Release|Any CPU
		{37E961D6-9267-49A7-99C9-9352336461BE}.Debug|Any CPU.ActiveCfg = Debug|Any CPU
		{37E961D6-9267-49A7-99C9-9352336461BE}.Debug|Any CPU.Build.0 = Debug|Any CPU
		{37E961D6-9267-49A7-99C9-9352336461BE}.Release|Any CPU.ActiveCfg = Release|Any CPU
		{37E961D6-9267-49A7-99C9-9352336461BE}.Release|Any CPU.Build.0 = Release|Any CPU
		{DD87EADF-B38B-4365-BFFD-717B01F43EF4}.Debug|Any CPU.ActiveCfg = Debug|Any CPU
		{DD87EADF-B38B-4365-BFFD-717B01F43EF4}.Debug|Any CPU.Build.0 = Debug|Any CPU
		{DD87EADF-B38B-4365-BFFD-717B01F43EF4}.Release|Any CPU.ActiveCfg = Release|Any CPU
		{DD87EADF-B38B-4365-BFFD-717B01F43EF4}.Release|Any CPU.Build.0 = Release|Any CPU
	EndGlobalSection
	GlobalSection(SolutionProperties) = preSolution
		HideSolutionNode = FALSE
	EndGlobalSection
	GlobalSection(ExtensibilityGlobals) = postSolution
		SolutionGuid = {BAB3DBBB-863E-483A-B2DB-5C00F57ABF18}
	EndGlobalSection
EndGlobal